
Microsoft Visual Studio Solution File, Format Version 12.00
# Visual Studio 14
VisualStudioVersion = 14.0.25420.1
MinimumVisualStudioVersion = 10.0.40219.1
Project("{2150E333-8FDC-42A3-9474-1A3956D46DE8}") = "client", "client", "{3F3ACDE5-948D-44CF-B6DF-86E4F1715A2A}"
EndProject
Project("{2150E333-8FDC-42A3-9474-1A3956D46DE8}") = "core", "core", "{390E422E-C538-4E31-B25F-AF630B872A40}"
EndProject
Project("{FAE04EC0-301F-11D3-BF4B-00C04F79EFBC}") = "Domain", "core\Domain\Domain.csproj", "{EB6BDE5B-605C-4E05-BF56-4C7F564387BC}"
EndProject
Project("{FAE04EC0-301F-11D3-BF4B-00C04F79EFBC}") = "Phone", "core\Phone\Phone.csproj", "{17206571-0E1F-4BC2-9B37-594C0D6BF712}"
EndProject
Project("{FAE04EC0-301F-11D3-BF4B-00C04F79EFBC}") = "Tablet", "core\Tablet\Tablet.csproj", "{CDCE996A-EB53-44F4-99FF-BA994FDF7E1F}"
EndProject
Project("{FAE04EC0-301F-11D3-BF4B-00C04F79EFBC}") = "Shared", "core\Shared\Shared.csproj", "{1D9E53AD-AE72-456A-BE86-82739888B226}"
EndProject
Project("{FAE04EC0-301F-11D3-BF4B-00C04F79EFBC}") = "iOS", "client\iOS\iOS.csproj", "{425A6427-B991-4902-8454-1065B5B2D118}"
EndProject
Project("{FAE04EC0-301F-11D3-BF4B-00C04F79EFBC}") = "Droid", "client\Droid\Droid.csproj", "{67A6D146-5109-4CFD-8BAD-A50F4E660F8C}"
EndProject
Project("{2150E333-8FDC-42A3-9474-1A3956D46DE8}") = "testing", "testing", "{00112826-01B2-4B82-A156-E6EB86F38869}"
EndProject
Project("{2150E333-8FDC-42A3-9474-1A3956D46DE8}") = "core", "core", "{4BA52DCC-52DD-431E-AF54-99B09657C02D}"
EndProject
Project("{2150E333-8FDC-42A3-9474-1A3956D46DE8}") = "client", "client", "{FE33299A-8523-4239-B907-6A695145C9FB}"
EndProject
Project("{FAE04EC0-301F-11D3-BF4B-00C04F79EFBC}") = "Droid", "testing\client\Droid\Droid.csproj", "{AD7B78B0-AE51-4FB7-9B11-4E22A2B538CA}"
EndProject
Project("{FAE04EC0-301F-11D3-BF4B-00C04F79EFBC}") = "Domain", "testing\core\Domain\Domain.csproj", "{8EDF4429-251A-416D-BB68-93F227191BCF}"
EndProject
Project("{FAE04EC0-301F-11D3-BF4B-00C04F79EFBC}") = "Phone", "testing\core\Phone\Phone.csproj", "{A98E0257-CC68-4565-B9D4-FCEBE23209A7}"
EndProject
Global
	GlobalSection(SolutionConfigurationPlatforms) = preSolution
		Ad-Hoc|Any CPU = Ad-Hoc|Any CPU
		Ad-Hoc|iPhone = Ad-Hoc|iPhone
		Ad-Hoc|iPhoneSimulator = Ad-Hoc|iPhoneSimulator
		AppStore|Any CPU = AppStore|Any CPU
		AppStore|iPhone = AppStore|iPhone
		AppStore|iPhoneSimulator = AppStore|iPhoneSimulator
		Debug UI|Any CPU = Debug UI|Any CPU
		Debug UI|iPhone = Debug UI|iPhone
		Debug UI|iPhoneSimulator = Debug UI|iPhoneSimulator
		Debug|Any CPU = Debug|Any CPU
		Debug|iPhone = Debug|iPhone
		Debug|iPhoneSimulator = Debug|iPhoneSimulator
		Release|Any CPU = Release|Any CPU
		Release|iPhone = Release|iPhone
		Release|iPhoneSimulator = Release|iPhoneSimulator
	EndGlobalSection
	GlobalSection(ProjectConfigurationPlatforms) = postSolution
		{EB6BDE5B-605C-4E05-BF56-4C7F564387BC}.Ad-Hoc|Any CPU.ActiveCfg = Release|Any CPU
		{EB6BDE5B-605C-4E05-BF56-4C7F564387BC}.Ad-Hoc|Any CPU.Build.0 = Release|Any CPU
		{EB6BDE5B-605C-4E05-BF56-4C7F564387BC}.Ad-Hoc|iPhone.ActiveCfg = Release|Any CPU
		{EB6BDE5B-605C-4E05-BF56-4C7F564387BC}.Ad-Hoc|iPhone.Build.0 = Release|Any CPU
		{EB6BDE5B-605C-4E05-BF56-4C7F564387BC}.Ad-Hoc|iPhoneSimulator.ActiveCfg = Release|Any CPU
		{EB6BDE5B-605C-4E05-BF56-4C7F564387BC}.Ad-Hoc|iPhoneSimulator.Build.0 = Release|Any CPU
		{EB6BDE5B-605C-4E05-BF56-4C7F564387BC}.AppStore|Any CPU.ActiveCfg = Release|Any CPU
		{EB6BDE5B-605C-4E05-BF56-4C7F564387BC}.AppStore|Any CPU.Build.0 = Release|Any CPU
		{EB6BDE5B-605C-4E05-BF56-4C7F564387BC}.AppStore|iPhone.ActiveCfg = Release|Any CPU
		{EB6BDE5B-605C-4E05-BF56-4C7F564387BC}.AppStore|iPhone.Build.0 = Release|Any CPU
		{EB6BDE5B-605C-4E05-BF56-4C7F564387BC}.AppStore|iPhoneSimulator.ActiveCfg = Release|Any CPU
		{EB6BDE5B-605C-4E05-BF56-4C7F564387BC}.AppStore|iPhoneSimulator.Build.0 = Release|Any CPU
		{EB6BDE5B-605C-4E05-BF56-4C7F564387BC}.Debug UI|Any CPU.ActiveCfg = Debug UI|Any CPU
		{EB6BDE5B-605C-4E05-BF56-4C7F564387BC}.Debug UI|Any CPU.Build.0 = Debug UI|Any CPU
		{EB6BDE5B-605C-4E05-BF56-4C7F564387BC}.Debug UI|iPhone.ActiveCfg = Debug UI|Any CPU
		{EB6BDE5B-605C-4E05-BF56-4C7F564387BC}.Debug UI|iPhone.Build.0 = Debug UI|Any CPU
		{EB6BDE5B-605C-4E05-BF56-4C7F564387BC}.Debug UI|iPhoneSimulator.ActiveCfg = Debug UI|Any CPU
		{EB6BDE5B-605C-4E05-BF56-4C7F564387BC}.Debug UI|iPhoneSimulator.Build.0 = Debug UI|Any CPU
		{EB6BDE5B-605C-4E05-BF56-4C7F564387BC}.Debug|Any CPU.ActiveCfg = Debug|Any CPU
		{EB6BDE5B-605C-4E05-BF56-4C7F564387BC}.Debug|Any CPU.Build.0 = Debug|Any CPU
		{EB6BDE5B-605C-4E05-BF56-4C7F564387BC}.Debug|iPhone.ActiveCfg = Debug|Any CPU
		{EB6BDE5B-605C-4E05-BF56-4C7F564387BC}.Debug|iPhone.Build.0 = Debug|Any CPU
		{EB6BDE5B-605C-4E05-BF56-4C7F564387BC}.Debug|iPhoneSimulator.ActiveCfg = Debug|Any CPU
		{EB6BDE5B-605C-4E05-BF56-4C7F564387BC}.Debug|iPhoneSimulator.Build.0 = Debug|Any CPU
		{EB6BDE5B-605C-4E05-BF56-4C7F564387BC}.Release|Any CPU.ActiveCfg = Release|Any CPU
		{EB6BDE5B-605C-4E05-BF56-4C7F564387BC}.Release|Any CPU.Build.0 = Release|Any CPU
		{EB6BDE5B-605C-4E05-BF56-4C7F564387BC}.Release|iPhone.ActiveCfg = Release|Any CPU
		{EB6BDE5B-605C-4E05-BF56-4C7F564387BC}.Release|iPhone.Build.0 = Release|Any CPU
		{EB6BDE5B-605C-4E05-BF56-4C7F564387BC}.Release|iPhoneSimulator.ActiveCfg = Release|Any CPU
		{EB6BDE5B-605C-4E05-BF56-4C7F564387BC}.Release|iPhoneSimulator.Build.0 = Release|Any CPU
		{17206571-0E1F-4BC2-9B37-594C0D6BF712}.Ad-Hoc|Any CPU.ActiveCfg = Release|Any CPU
		{17206571-0E1F-4BC2-9B37-594C0D6BF712}.Ad-Hoc|Any CPU.Build.0 = Release|Any CPU
		{17206571-0E1F-4BC2-9B37-594C0D6BF712}.Ad-Hoc|iPhone.ActiveCfg = Release|Any CPU
		{17206571-0E1F-4BC2-9B37-594C0D6BF712}.Ad-Hoc|iPhone.Build.0 = Release|Any CPU
		{17206571-0E1F-4BC2-9B37-594C0D6BF712}.Ad-Hoc|iPhoneSimulator.ActiveCfg = Release|Any CPU
		{17206571-0E1F-4BC2-9B37-594C0D6BF712}.Ad-Hoc|iPhoneSimulator.Build.0 = Release|Any CPU
		{17206571-0E1F-4BC2-9B37-594C0D6BF712}.AppStore|Any CPU.ActiveCfg = Release|Any CPU
		{17206571-0E1F-4BC2-9B37-594C0D6BF712}.AppStore|Any CPU.Build.0 = Release|Any CPU
		{17206571-0E1F-4BC2-9B37-594C0D6BF712}.AppStore|iPhone.ActiveCfg = Release|Any CPU
		{17206571-0E1F-4BC2-9B37-594C0D6BF712}.AppStore|iPhone.Build.0 = Release|Any CPU
		{17206571-0E1F-4BC2-9B37-594C0D6BF712}.AppStore|iPhoneSimulator.ActiveCfg = Release|Any CPU
		{17206571-0E1F-4BC2-9B37-594C0D6BF712}.AppStore|iPhoneSimulator.Build.0 = Release|Any CPU
		{17206571-0E1F-4BC2-9B37-594C0D6BF712}.Debug UI|Any CPU.ActiveCfg = Debug UI|Any CPU
		{17206571-0E1F-4BC2-9B37-594C0D6BF712}.Debug UI|Any CPU.Build.0 = Debug UI|Any CPU
		{17206571-0E1F-4BC2-9B37-594C0D6BF712}.Debug UI|iPhone.ActiveCfg = Debug UI|Any CPU
		{17206571-0E1F-4BC2-9B37-594C0D6BF712}.Debug UI|iPhone.Build.0 = Debug UI|Any CPU
		{17206571-0E1F-4BC2-9B37-594C0D6BF712}.Debug UI|iPhoneSimulator.ActiveCfg = Debug UI|Any CPU
		{17206571-0E1F-4BC2-9B37-594C0D6BF712}.Debug UI|iPhoneSimulator.Build.0 = Debug UI|Any CPU
		{17206571-0E1F-4BC2-9B37-594C0D6BF712}.Debug|Any CPU.ActiveCfg = Debug|Any CPU
		{17206571-0E1F-4BC2-9B37-594C0D6BF712}.Debug|Any CPU.Build.0 = Debug|Any CPU
		{17206571-0E1F-4BC2-9B37-594C0D6BF712}.Debug|iPhone.ActiveCfg = Debug|Any CPU
		{17206571-0E1F-4BC2-9B37-594C0D6BF712}.Debug|iPhone.Build.0 = Debug|Any CPU
		{17206571-0E1F-4BC2-9B37-594C0D6BF712}.Debug|iPhoneSimulator.ActiveCfg = Debug|Any CPU
		{17206571-0E1F-4BC2-9B37-594C0D6BF712}.Debug|iPhoneSimulator.Build.0 = Debug|Any CPU
		{17206571-0E1F-4BC2-9B37-594C0D6BF712}.Release|Any CPU.ActiveCfg = Release|Any CPU
		{17206571-0E1F-4BC2-9B37-594C0D6BF712}.Release|Any CPU.Build.0 = Release|Any CPU
		{17206571-0E1F-4BC2-9B37-594C0D6BF712}.Release|iPhone.ActiveCfg = Release|Any CPU
		{17206571-0E1F-4BC2-9B37-594C0D6BF712}.Release|iPhone.Build.0 = Release|Any CPU
		{17206571-0E1F-4BC2-9B37-594C0D6BF712}.Release|iPhoneSimulator.ActiveCfg = Release|Any CPU
		{17206571-0E1F-4BC2-9B37-594C0D6BF712}.Release|iPhoneSimulator.Build.0 = Release|Any CPU
		{CDCE996A-EB53-44F4-99FF-BA994FDF7E1F}.Ad-Hoc|Any CPU.ActiveCfg = Release|Any CPU
		{CDCE996A-EB53-44F4-99FF-BA994FDF7E1F}.Ad-Hoc|Any CPU.Build.0 = Release|Any CPU
		{CDCE996A-EB53-44F4-99FF-BA994FDF7E1F}.Ad-Hoc|iPhone.ActiveCfg = Release|Any CPU
		{CDCE996A-EB53-44F4-99FF-BA994FDF7E1F}.Ad-Hoc|iPhone.Build.0 = Release|Any CPU
		{CDCE996A-EB53-44F4-99FF-BA994FDF7E1F}.Ad-Hoc|iPhoneSimulator.ActiveCfg = Release|Any CPU
		{CDCE996A-EB53-44F4-99FF-BA994FDF7E1F}.Ad-Hoc|iPhoneSimulator.Build.0 = Release|Any CPU
		{CDCE996A-EB53-44F4-99FF-BA994FDF7E1F}.AppStore|Any CPU.ActiveCfg = Release|Any CPU
		{CDCE996A-EB53-44F4-99FF-BA994FDF7E1F}.AppStore|Any CPU.Build.0 = Release|Any CPU
		{CDCE996A-EB53-44F4-99FF-BA994FDF7E1F}.AppStore|iPhone.ActiveCfg = Release|Any CPU
		{CDCE996A-EB53-44F4-99FF-BA994FDF7E1F}.AppStore|iPhone.Build.0 = Release|Any CPU
		{CDCE996A-EB53-44F4-99FF-BA994FDF7E1F}.AppStore|iPhoneSimulator.ActiveCfg = Release|Any CPU
		{CDCE996A-EB53-44F4-99FF-BA994FDF7E1F}.AppStore|iPhoneSimulator.Build.0 = Release|Any CPU
		{CDCE996A-EB53-44F4-99FF-BA994FDF7E1F}.Debug UI|Any CPU.ActiveCfg = Debug UI|Any CPU
		{CDCE996A-EB53-44F4-99FF-BA994FDF7E1F}.Debug UI|Any CPU.Build.0 = Debug UI|Any CPU
		{CDCE996A-EB53-44F4-99FF-BA994FDF7E1F}.Debug UI|iPhone.ActiveCfg = Debug UI|Any CPU
		{CDCE996A-EB53-44F4-99FF-BA994FDF7E1F}.Debug UI|iPhone.Build.0 = Debug UI|Any CPU
		{CDCE996A-EB53-44F4-99FF-BA994FDF7E1F}.Debug UI|iPhoneSimulator.ActiveCfg = Debug UI|Any CPU
		{CDCE996A-EB53-44F4-99FF-BA994FDF7E1F}.Debug UI|iPhoneSimulator.Build.0 = Debug UI|Any CPU
		{CDCE996A-EB53-44F4-99FF-BA994FDF7E1F}.Debug|Any CPU.ActiveCfg = Debug|Any CPU
		{CDCE996A-EB53-44F4-99FF-BA994FDF7E1F}.Debug|Any CPU.Build.0 = Debug|Any CPU
		{CDCE996A-EB53-44F4-99FF-BA994FDF7E1F}.Debug|iPhone.ActiveCfg = Debug|Any CPU
		{CDCE996A-EB53-44F4-99FF-BA994FDF7E1F}.Debug|iPhone.Build.0 = Debug|Any CPU
		{CDCE996A-EB53-44F4-99FF-BA994FDF7E1F}.Debug|iPhoneSimulator.ActiveCfg = Debug|Any CPU
		{CDCE996A-EB53-44F4-99FF-BA994FDF7E1F}.Debug|iPhoneSimulator.Build.0 = Debug|Any CPU
		{CDCE996A-EB53-44F4-99FF-BA994FDF7E1F}.Release|Any CPU.ActiveCfg = Release|Any CPU
		{CDCE996A-EB53-44F4-99FF-BA994FDF7E1F}.Release|Any CPU.Build.0 = Release|Any CPU
		{CDCE996A-EB53-44F4-99FF-BA994FDF7E1F}.Release|iPhone.ActiveCfg = Release|Any CPU
		{CDCE996A-EB53-44F4-99FF-BA994FDF7E1F}.Release|iPhone.Build.0 = Release|Any CPU
		{CDCE996A-EB53-44F4-99FF-BA994FDF7E1F}.Release|iPhoneSimulator.ActiveCfg = Release|Any CPU
		{CDCE996A-EB53-44F4-99FF-BA994FDF7E1F}.Release|iPhoneSimulator.Build.0 = Release|Any CPU
		{1D9E53AD-AE72-456A-BE86-82739888B226}.Ad-Hoc|Any CPU.ActiveCfg = Release|Any CPU
		{1D9E53AD-AE72-456A-BE86-82739888B226}.Ad-Hoc|Any CPU.Build.0 = Release|Any CPU
		{1D9E53AD-AE72-456A-BE86-82739888B226}.Ad-Hoc|iPhone.ActiveCfg = Release|Any CPU
		{1D9E53AD-AE72-456A-BE86-82739888B226}.Ad-Hoc|iPhone.Build.0 = Release|Any CPU
		{1D9E53AD-AE72-456A-BE86-82739888B226}.Ad-Hoc|iPhoneSimulator.ActiveCfg = Release|Any CPU
		{1D9E53AD-AE72-456A-BE86-82739888B226}.Ad-Hoc|iPhoneSimulator.Build.0 = Release|Any CPU
		{1D9E53AD-AE72-456A-BE86-82739888B226}.AppStore|Any CPU.ActiveCfg = Release|Any CPU
		{1D9E53AD-AE72-456A-BE86-82739888B226}.AppStore|Any CPU.Build.0 = Release|Any CPU
		{1D9E53AD-AE72-456A-BE86-82739888B226}.AppStore|iPhone.ActiveCfg = Release|Any CPU
		{1D9E53AD-AE72-456A-BE86-82739888B226}.AppStore|iPhone.Build.0 = Release|Any CPU
		{1D9E53AD-AE72-456A-BE86-82739888B226}.AppStore|iPhoneSimulator.ActiveCfg = Release|Any CPU
		{1D9E53AD-AE72-456A-BE86-82739888B226}.AppStore|iPhoneSimulator.Build.0 = Release|Any CPU
		{1D9E53AD-AE72-456A-BE86-82739888B226}.Debug UI|Any CPU.ActiveCfg = Debug UI|Any CPU
		{1D9E53AD-AE72-456A-BE86-82739888B226}.Debug UI|Any CPU.Build.0 = Debug UI|Any CPU
		{1D9E53AD-AE72-456A-BE86-82739888B226}.Debug UI|iPhone.ActiveCfg = Debug UI|Any CPU
		{1D9E53AD-AE72-456A-BE86-82739888B226}.Debug UI|iPhone.Build.0 = Debug UI|Any CPU
		{1D9E53AD-AE72-456A-BE86-82739888B226}.Debug UI|iPhoneSimulator.ActiveCfg = Debug UI|Any CPU
		{1D9E53AD-AE72-456A-BE86-82739888B226}.Debug UI|iPhoneSimulator.Build.0 = Debug UI|Any CPU
		{1D9E53AD-AE72-456A-BE86-82739888B226}.Debug|Any CPU.ActiveCfg = Debug|Any CPU
		{1D9E53AD-AE72-456A-BE86-82739888B226}.Debug|Any CPU.Build.0 = Debug|Any CPU
		{1D9E53AD-AE72-456A-BE86-82739888B226}.Debug|iPhone.ActiveCfg = Debug|Any CPU
		{1D9E53AD-AE72-456A-BE86-82739888B226}.Debug|iPhone.Build.0 = Debug|Any CPU
		{1D9E53AD-AE72-456A-BE86-82739888B226}.Debug|iPhoneSimulator.ActiveCfg = Debug|Any CPU
		{1D9E53AD-AE72-456A-BE86-82739888B226}.Debug|iPhoneSimulator.Build.0 = Debug|Any CPU
		{1D9E53AD-AE72-456A-BE86-82739888B226}.Release|Any CPU.ActiveCfg = Release|Any CPU
		{1D9E53AD-AE72-456A-BE86-82739888B226}.Release|Any CPU.Build.0 = Release|Any CPU
		{1D9E53AD-AE72-456A-BE86-82739888B226}.Release|iPhone.ActiveCfg = Release|Any CPU
		{1D9E53AD-AE72-456A-BE86-82739888B226}.Release|iPhone.Build.0 = Release|Any CPU
		{1D9E53AD-AE72-456A-BE86-82739888B226}.Release|iPhoneSimulator.ActiveCfg = Release|Any CPU
		{1D9E53AD-AE72-456A-BE86-82739888B226}.Release|iPhoneSimulator.Build.0 = Release|Any CPU
		{425A6427-B991-4902-8454-1065B5B2D118}.Ad-Hoc|Any CPU.ActiveCfg = Ad-Hoc|iPhone
		{425A6427-B991-4902-8454-1065B5B2D118}.Ad-Hoc|iPhone.ActiveCfg = Ad-Hoc|iPhone
		{425A6427-B991-4902-8454-1065B5B2D118}.Ad-Hoc|iPhone.Build.0 = Ad-Hoc|iPhone
		{425A6427-B991-4902-8454-1065B5B2D118}.Ad-Hoc|iPhoneSimulator.ActiveCfg = Ad-Hoc|iPhoneSimulator
		{425A6427-B991-4902-8454-1065B5B2D118}.Ad-Hoc|iPhoneSimulator.Build.0 = Ad-Hoc|iPhoneSimulator
		{425A6427-B991-4902-8454-1065B5B2D118}.AppStore|Any CPU.ActiveCfg = AppStore|iPhone
		{425A6427-B991-4902-8454-1065B5B2D118}.AppStore|iPhone.ActiveCfg = AppStore|iPhone
		{425A6427-B991-4902-8454-1065B5B2D118}.AppStore|iPhone.Build.0 = AppStore|iPhone
		{425A6427-B991-4902-8454-1065B5B2D118}.AppStore|iPhoneSimulator.ActiveCfg = AppStore|iPhoneSimulator
		{425A6427-B991-4902-8454-1065B5B2D118}.AppStore|iPhoneSimulator.Build.0 = AppStore|iPhoneSimulator
		{425A6427-B991-4902-8454-1065B5B2D118}.Debug UI|Any CPU.ActiveCfg = Debug UI|iPhone
		{425A6427-B991-4902-8454-1065B5B2D118}.Debug UI|iPhone.ActiveCfg = Debug UI|iPhone
		{425A6427-B991-4902-8454-1065B5B2D118}.Debug UI|iPhone.Build.0 = Debug UI|iPhone
		{425A6427-B991-4902-8454-1065B5B2D118}.Debug UI|iPhoneSimulator.ActiveCfg = Debug UI|iPhoneSimulator
		{425A6427-B991-4902-8454-1065B5B2D118}.Debug UI|iPhoneSimulator.Build.0 = Debug UI|iPhoneSimulator
		{425A6427-B991-4902-8454-1065B5B2D118}.Debug|Any CPU.ActiveCfg = Debug|iPhone
		{425A6427-B991-4902-8454-1065B5B2D118}.Debug|iPhone.ActiveCfg = Debug|iPhone
		{425A6427-B991-4902-8454-1065B5B2D118}.Debug|iPhone.Build.0 = Debug|iPhone
		{425A6427-B991-4902-8454-1065B5B2D118}.Debug|iPhoneSimulator.ActiveCfg = Debug|iPhoneSimulator
		{425A6427-B991-4902-8454-1065B5B2D118}.Debug|iPhoneSimulator.Build.0 = Debug|iPhoneSimulator
		{425A6427-B991-4902-8454-1065B5B2D118}.Release|Any CPU.ActiveCfg = Release|iPhone
		{425A6427-B991-4902-8454-1065B5B2D118}.Release|iPhone.ActiveCfg = Release|iPhone
		{425A6427-B991-4902-8454-1065B5B2D118}.Release|iPhone.Build.0 = Release|iPhone
		{425A6427-B991-4902-8454-1065B5B2D118}.Release|iPhoneSimulator.ActiveCfg = Release|iPhoneSimulator
		{425A6427-B991-4902-8454-1065B5B2D118}.Release|iPhoneSimulator.Build.0 = Release|iPhoneSimulator
		{67A6D146-5109-4CFD-8BAD-A50F4E660F8C}.Ad-Hoc|Any CPU.ActiveCfg = Release|Any CPU
		{67A6D146-5109-4CFD-8BAD-A50F4E660F8C}.Ad-Hoc|Any CPU.Build.0 = Release|Any CPU
		{67A6D146-5109-4CFD-8BAD-A50F4E660F8C}.Ad-Hoc|Any CPU.Deploy.0 = Release|Any CPU
		{67A6D146-5109-4CFD-8BAD-A50F4E660F8C}.Ad-Hoc|iPhone.ActiveCfg = Release|Any CPU
		{67A6D146-5109-4CFD-8BAD-A50F4E660F8C}.Ad-Hoc|iPhone.Build.0 = Release|Any CPU
		{67A6D146-5109-4CFD-8BAD-A50F4E660F8C}.Ad-Hoc|iPhone.Deploy.0 = Release|Any CPU
		{67A6D146-5109-4CFD-8BAD-A50F4E660F8C}.Ad-Hoc|iPhoneSimulator.ActiveCfg = Release|Any CPU
		{67A6D146-5109-4CFD-8BAD-A50F4E660F8C}.Ad-Hoc|iPhoneSimulator.Build.0 = Release|Any CPU
		{67A6D146-5109-4CFD-8BAD-A50F4E660F8C}.Ad-Hoc|iPhoneSimulator.Deploy.0 = Release|Any CPU
		{67A6D146-5109-4CFD-8BAD-A50F4E660F8C}.AppStore|Any CPU.ActiveCfg = Release|Any CPU
		{67A6D146-5109-4CFD-8BAD-A50F4E660F8C}.AppStore|Any CPU.Build.0 = Release|Any CPU
		{67A6D146-5109-4CFD-8BAD-A50F4E660F8C}.AppStore|Any CPU.Deploy.0 = Release|Any CPU
		{67A6D146-5109-4CFD-8BAD-A50F4E660F8C}.AppStore|iPhone.ActiveCfg = Release|Any CPU
		{67A6D146-5109-4CFD-8BAD-A50F4E660F8C}.AppStore|iPhone.Build.0 = Release|Any CPU
		{67A6D146-5109-4CFD-8BAD-A50F4E660F8C}.AppStore|iPhone.Deploy.0 = Release|Any CPU
		{67A6D146-5109-4CFD-8BAD-A50F4E660F8C}.AppStore|iPhoneSimulator.ActiveCfg = Release|Any CPU
		{67A6D146-5109-4CFD-8BAD-A50F4E660F8C}.AppStore|iPhoneSimulator.Build.0 = Release|Any CPU
		{67A6D146-5109-4CFD-8BAD-A50F4E660F8C}.AppStore|iPhoneSimulator.Deploy.0 = Release|Any CPU
		{67A6D146-5109-4CFD-8BAD-A50F4E660F8C}.Debug UI|Any CPU.ActiveCfg = Debug UI|Any CPU
		{67A6D146-5109-4CFD-8BAD-A50F4E660F8C}.Debug UI|Any CPU.Build.0 = Debug UI|Any CPU
		{67A6D146-5109-4CFD-8BAD-A50F4E660F8C}.Debug UI|Any CPU.Deploy.0 = Debug UI|Any CPU
		{67A6D146-5109-4CFD-8BAD-A50F4E660F8C}.Debug UI|iPhone.ActiveCfg = Debug UI|Any CPU
		{67A6D146-5109-4CFD-8BAD-A50F4E660F8C}.Debug UI|iPhone.Build.0 = Debug UI|Any CPU
		{67A6D146-5109-4CFD-8BAD-A50F4E660F8C}.Debug UI|iPhone.Deploy.0 = Debug UI|Any CPU
		{67A6D146-5109-4CFD-8BAD-A50F4E660F8C}.Debug UI|iPhoneSimulator.ActiveCfg = Debug UI|Any CPU
		{67A6D146-5109-4CFD-8BAD-A50F4E660F8C}.Debug UI|iPhoneSimulator.Build.0 = Debug UI|Any CPU
		{67A6D146-5109-4CFD-8BAD-A50F4E660F8C}.Debug UI|iPhoneSimulator.Deploy.0 = Debug UI|Any CPU
		{67A6D146-5109-4CFD-8BAD-A50F4E660F8C}.Debug|Any CPU.ActiveCfg = Debug|Any CPU
		{67A6D146-5109-4CFD-8BAD-A50F4E660F8C}.Debug|Any CPU.Build.0 = Debug|Any CPU
		{67A6D146-5109-4CFD-8BAD-A50F4E660F8C}.Debug|Any CPU.Deploy.0 = Debug|Any CPU
		{67A6D146-5109-4CFD-8BAD-A50F4E660F8C}.Debug|iPhone.ActiveCfg = Debug|Any CPU
		{67A6D146-5109-4CFD-8BAD-A50F4E660F8C}.Debug|iPhone.Build.0 = Debug|Any CPU
		{67A6D146-5109-4CFD-8BAD-A50F4E660F8C}.Debug|iPhone.Deploy.0 = Debug|Any CPU
		{67A6D146-5109-4CFD-8BAD-A50F4E660F8C}.Debug|iPhoneSimulator.ActiveCfg = Debug|Any CPU
		{67A6D146-5109-4CFD-8BAD-A50F4E660F8C}.Debug|iPhoneSimulator.Build.0 = Debug|Any CPU
		{67A6D146-5109-4CFD-8BAD-A50F4E660F8C}.Debug|iPhoneSimulator.Deploy.0 = Debug|Any CPU
		{67A6D146-5109-4CFD-8BAD-A50F4E660F8C}.Release|Any CPU.ActiveCfg = Release|Any CPU
		{67A6D146-5109-4CFD-8BAD-A50F4E660F8C}.Release|Any CPU.Build.0 = Release|Any CPU
		{67A6D146-5109-4CFD-8BAD-A50F4E660F8C}.Release|Any CPU.Deploy.0 = Release|Any CPU
		{67A6D146-5109-4CFD-8BAD-A50F4E660F8C}.Release|iPhone.ActiveCfg = Release|Any CPU
		{67A6D146-5109-4CFD-8BAD-A50F4E660F8C}.Release|iPhone.Build.0 = Release|Any CPU
		{67A6D146-5109-4CFD-8BAD-A50F4E660F8C}.Release|iPhone.Deploy.0 = Release|Any CPU
		{67A6D146-5109-4CFD-8BAD-A50F4E660F8C}.Release|iPhoneSimulator.ActiveCfg = Release|Any CPU
		{67A6D146-5109-4CFD-8BAD-A50F4E660F8C}.Release|iPhoneSimulator.Build.0 = Release|Any CPU
		{67A6D146-5109-4CFD-8BAD-A50F4E660F8C}.Release|iPhoneSimulator.Deploy.0 = Release|Any CPU
		{AD7B78B0-AE51-4FB7-9B11-4E22A2B538CA}.Ad-Hoc|Any CPU.ActiveCfg = Release|Any CPU
		{AD7B78B0-AE51-4FB7-9B11-4E22A2B538CA}.Ad-Hoc|Any CPU.Build.0 = Release|Any CPU
		{AD7B78B0-AE51-4FB7-9B11-4E22A2B538CA}.Ad-Hoc|Any CPU.Deploy.0 = Release|Any CPU
		{AD7B78B0-AE51-4FB7-9B11-4E22A2B538CA}.Ad-Hoc|iPhone.ActiveCfg = Release|Any CPU
		{AD7B78B0-AE51-4FB7-9B11-4E22A2B538CA}.Ad-Hoc|iPhone.Build.0 = Release|Any CPU
		{AD7B78B0-AE51-4FB7-9B11-4E22A2B538CA}.Ad-Hoc|iPhone.Deploy.0 = Release|Any CPU
		{AD7B78B0-AE51-4FB7-9B11-4E22A2B538CA}.Ad-Hoc|iPhoneSimulator.ActiveCfg = Release|Any CPU
		{AD7B78B0-AE51-4FB7-9B11-4E22A2B538CA}.Ad-Hoc|iPhoneSimulator.Build.0 = Release|Any CPU
		{AD7B78B0-AE51-4FB7-9B11-4E22A2B538CA}.Ad-Hoc|iPhoneSimulator.Deploy.0 = Release|Any CPU
		{AD7B78B0-AE51-4FB7-9B11-4E22A2B538CA}.AppStore|Any CPU.ActiveCfg = Release|Any CPU
		{AD7B78B0-AE51-4FB7-9B11-4E22A2B538CA}.AppStore|Any CPU.Build.0 = Release|Any CPU
		{AD7B78B0-AE51-4FB7-9B11-4E22A2B538CA}.AppStore|Any CPU.Deploy.0 = Release|Any CPU
		{AD7B78B0-AE51-4FB7-9B11-4E22A2B538CA}.AppStore|iPhone.ActiveCfg = Release|Any CPU
		{AD7B78B0-AE51-4FB7-9B11-4E22A2B538CA}.AppStore|iPhone.Build.0 = Release|Any CPU
		{AD7B78B0-AE51-4FB7-9B11-4E22A2B538CA}.AppStore|iPhone.Deploy.0 = Release|Any CPU
		{AD7B78B0-AE51-4FB7-9B11-4E22A2B538CA}.AppStore|iPhoneSimulator.ActiveCfg = Release|Any CPU
		{AD7B78B0-AE51-4FB7-9B11-4E22A2B538CA}.AppStore|iPhoneSimulator.Build.0 = Release|Any CPU
		{AD7B78B0-AE51-4FB7-9B11-4E22A2B538CA}.AppStore|iPhoneSimulator.Deploy.0 = Release|Any CPU
		{AD7B78B0-AE51-4FB7-9B11-4E22A2B538CA}.Debug UI|Any CPU.ActiveCfg = Debug|Any CPU
		{AD7B78B0-AE51-4FB7-9B11-4E22A2B538CA}.Debug UI|Any CPU.Build.0 = Debug|Any CPU
		{AD7B78B0-AE51-4FB7-9B11-4E22A2B538CA}.Debug UI|Any CPU.Deploy.0 = Debug|Any CPU
		{AD7B78B0-AE51-4FB7-9B11-4E22A2B538CA}.Debug UI|iPhone.ActiveCfg = Debug|Any CPU
		{AD7B78B0-AE51-4FB7-9B11-4E22A2B538CA}.Debug UI|iPhone.Build.0 = Debug|Any CPU
		{AD7B78B0-AE51-4FB7-9B11-4E22A2B538CA}.Debug UI|iPhone.Deploy.0 = Debug|Any CPU
		{AD7B78B0-AE51-4FB7-9B11-4E22A2B538CA}.Debug UI|iPhoneSimulator.ActiveCfg = Debug|Any CPU
		{AD7B78B0-AE51-4FB7-9B11-4E22A2B538CA}.Debug UI|iPhoneSimulator.Build.0 = Debug|Any CPU
		{AD7B78B0-AE51-4FB7-9B11-4E22A2B538CA}.Debug UI|iPhoneSimulator.Deploy.0 = Debug|Any CPU
		{AD7B78B0-AE51-4FB7-9B11-4E22A2B538CA}.Debug|Any CPU.ActiveCfg = Debug|Any CPU
		{AD7B78B0-AE51-4FB7-9B11-4E22A2B538CA}.Debug|Any CPU.Build.0 = Debug|Any CPU
		{AD7B78B0-AE51-4FB7-9B11-4E22A2B538CA}.Debug|Any CPU.Deploy.0 = Debug|Any CPU
		{AD7B78B0-AE51-4FB7-9B11-4E22A2B538CA}.Debug|iPhone.ActiveCfg = Debug|Any CPU
		{AD7B78B0-AE51-4FB7-9B11-4E22A2B538CA}.Debug|iPhone.Build.0 = Debug|Any CPU
		{AD7B78B0-AE51-4FB7-9B11-4E22A2B538CA}.Debug|iPhone.Deploy.0 = Debug|Any CPU
		{AD7B78B0-AE51-4FB7-9B11-4E22A2B538CA}.Debug|iPhoneSimulator.ActiveCfg = Debug|Any CPU
		{AD7B78B0-AE51-4FB7-9B11-4E22A2B538CA}.Debug|iPhoneSimulator.Build.0 = Debug|Any CPU
		{AD7B78B0-AE51-4FB7-9B11-4E22A2B538CA}.Debug|iPhoneSimulator.Deploy.0 = Debug|Any CPU
		{AD7B78B0-AE51-4FB7-9B11-4E22A2B538CA}.Release|Any CPU.ActiveCfg = Release|Any CPU
		{AD7B78B0-AE51-4FB7-9B11-4E22A2B538CA}.Release|Any CPU.Build.0 = Release|Any CPU
		{AD7B78B0-AE51-4FB7-9B11-4E22A2B538CA}.Release|Any CPU.Deploy.0 = Release|Any CPU
		{AD7B78B0-AE51-4FB7-9B11-4E22A2B538CA}.Release|iPhone.ActiveCfg = Release|Any CPU
		{AD7B78B0-AE51-4FB7-9B11-4E22A2B538CA}.Release|iPhone.Build.0 = Release|Any CPU
		{AD7B78B0-AE51-4FB7-9B11-4E22A2B538CA}.Release|iPhone.Deploy.0 = Release|Any CPU
		{AD7B78B0-AE51-4FB7-9B11-4E22A2B538CA}.Release|iPhoneSimulator.ActiveCfg = Release|Any CPU
		{AD7B78B0-AE51-4FB7-9B11-4E22A2B538CA}.Release|iPhoneSimulator.Build.0 = Release|Any CPU
		{AD7B78B0-AE51-4FB7-9B11-4E22A2B538CA}.Release|iPhoneSimulator.Deploy.0 = Release|Any CPU
		{8EDF4429-251A-416D-BB68-93F227191BCF}.Ad-Hoc|Any CPU.ActiveCfg = Release|Any CPU
		{8EDF4429-251A-416D-BB68-93F227191BCF}.Ad-Hoc|Any CPU.Build.0 = Release|Any CPU
		{8EDF4429-251A-416D-BB68-93F227191BCF}.Ad-Hoc|iPhone.ActiveCfg = Release|Any CPU
		{8EDF4429-251A-416D-BB68-93F227191BCF}.Ad-Hoc|iPhone.Build.0 = Release|Any CPU
		{8EDF4429-251A-416D-BB68-93F227191BCF}.Ad-Hoc|iPhoneSimulator.ActiveCfg = Release|Any CPU
		{8EDF4429-251A-416D-BB68-93F227191BCF}.Ad-Hoc|iPhoneSimulator.Build.0 = Release|Any CPU
		{8EDF4429-251A-416D-BB68-93F227191BCF}.AppStore|Any CPU.ActiveCfg = Release|Any CPU
		{8EDF4429-251A-416D-BB68-93F227191BCF}.AppStore|Any CPU.Build.0 = Release|Any CPU
		{8EDF4429-251A-416D-BB68-93F227191BCF}.AppStore|iPhone.ActiveCfg = Release|Any CPU
		{8EDF4429-251A-416D-BB68-93F227191BCF}.AppStore|iPhone.Build.0 = Release|Any CPU
		{8EDF4429-251A-416D-BB68-93F227191BCF}.AppStore|iPhoneSimulator.ActiveCfg = Release|Any CPU
		{8EDF4429-251A-416D-BB68-93F227191BCF}.AppStore|iPhoneSimulator.Build.0 = Release|Any CPU
		{8EDF4429-251A-416D-BB68-93F227191BCF}.Debug UI|Any CPU.ActiveCfg = Debug|Any CPU
		{8EDF4429-251A-416D-BB68-93F227191BCF}.Debug UI|Any CPU.Build.0 = Debug|Any CPU
		{8EDF4429-251A-416D-BB68-93F227191BCF}.Debug UI|iPhone.ActiveCfg = Debug|Any CPU
		{8EDF4429-251A-416D-BB68-93F227191BCF}.Debug UI|iPhone.Build.0 = Debug|Any CPU
		{8EDF4429-251A-416D-BB68-93F227191BCF}.Debug UI|iPhoneSimulator.ActiveCfg = Debug|Any CPU
		{8EDF4429-251A-416D-BB68-93F227191BCF}.Debug UI|iPhoneSimulator.Build.0 = Debug|Any CPU
		{8EDF4429-251A-416D-BB68-93F227191BCF}.Debug|Any CPU.ActiveCfg = Debug|Any CPU
		{8EDF4429-251A-416D-BB68-93F227191BCF}.Debug|Any CPU.Build.0 = Debug|Any CPU
		{8EDF4429-251A-416D-BB68-93F227191BCF}.Debug|iPhone.ActiveCfg = Debug|Any CPU
		{8EDF4429-251A-416D-BB68-93F227191BCF}.Debug|iPhone.Build.0 = Debug|Any CPU
		{8EDF4429-251A-416D-BB68-93F227191BCF}.Debug|iPhoneSimulator.ActiveCfg = Debug|Any CPU
		{8EDF4429-251A-416D-BB68-93F227191BCF}.Debug|iPhoneSimulator.Build.0 = Debug|Any CPU
		{8EDF4429-251A-416D-BB68-93F227191BCF}.Release|Any CPU.ActiveCfg = Release|Any CPU
		{8EDF4429-251A-416D-BB68-93F227191BCF}.Release|Any CPU.Build.0 = Release|Any CPU
		{8EDF4429-251A-416D-BB68-93F227191BCF}.Release|iPhone.ActiveCfg = Release|Any CPU
		{8EDF4429-251A-416D-BB68-93F227191BCF}.Release|iPhone.Build.0 = Release|Any CPU
		{8EDF4429-251A-416D-BB68-93F227191BCF}.Release|iPhoneSimulator.ActiveCfg = Release|Any CPU
		{8EDF4429-251A-416D-BB68-93F227191BCF}.Release|iPhoneSimulator.Build.0 = Release|Any CPU
		{A98E0257-CC68-4565-B9D4-FCEBE23209A7}.Ad-Hoc|Any CPU.ActiveCfg = Release|Any CPU
		{A98E0257-CC68-4565-B9D4-FCEBE23209A7}.Ad-Hoc|Any CPU.Build.0 = Release|Any CPU
		{A98E0257-CC68-4565-B9D4-FCEBE23209A7}.Ad-Hoc|iPhone.ActiveCfg = Release|Any CPU
		{A98E0257-CC68-4565-B9D4-FCEBE23209A7}.Ad-Hoc|iPhone.Build.0 = Release|Any CPU
		{A98E0257-CC68-4565-B9D4-FCEBE23209A7}.Ad-Hoc|iPhoneSimulator.ActiveCfg = Release|Any CPU
		{A98E0257-CC68-4565-B9D4-FCEBE23209A7}.Ad-Hoc|iPhoneSimulator.Build.0 = Release|Any CPU
		{A98E0257-CC68-4565-B9D4-FCEBE23209A7}.AppStore|Any CPU.ActiveCfg = Release|Any CPU
		{A98E0257-CC68-4565-B9D4-FCEBE23209A7}.AppStore|Any CPU.Build.0 = Release|Any CPU
		{A98E0257-CC68-4565-B9D4-FCEBE23209A7}.AppStore|iPhone.ActiveCfg = Release|Any CPU
		{A98E0257-CC68-4565-B9D4-FCEBE23209A7}.AppStore|iPhone.Build.0 = Release|Any CPU
		{A98E0257-CC68-4565-B9D4-FCEBE23209A7}.AppStore|iPhoneSimulator.ActiveCfg = Release|Any CPU
		{A98E0257-CC68-4565-B9D4-FCEBE23209A7}.AppStore|iPhoneSimulator.Build.0 = Release|Any CPU
		{A98E0257-CC68-4565-B9D4-FCEBE23209A7}.Debug UI|Any CPU.ActiveCfg = Debug|Any CPU
		{A98E0257-CC68-4565-B9D4-FCEBE23209A7}.Debug UI|Any CPU.Build.0 = Debug|Any CPU
		{A98E0257-CC68-4565-B9D4-FCEBE23209A7}.Debug UI|iPhone.ActiveCfg = Debug|Any CPU
		{A98E0257-CC68-4565-B9D4-FCEBE23209A7}.Debug UI|iPhone.Build.0 = Debug|Any CPU
		{A98E0257-CC68-4565-B9D4-FCEBE23209A7}.Debug UI|iPhoneSimulator.ActiveCfg = Debug|Any CPU
		{A98E0257-CC68-4565-B9D4-FCEBE23209A7}.Debug UI|iPhoneSimulator.Build.0 = Debug|Any CPU
		{A98E0257-CC68-4565-B9D4-FCEBE23209A7}.Debug|Any CPU.ActiveCfg = Debug|Any CPU
		{A98E0257-CC68-4565-B9D4-FCEBE23209A7}.Debug|Any CPU.Build.0 = Debug|Any CPU
		{A98E0257-CC68-4565-B9D4-FCEBE23209A7}.Debug|iPhone.ActiveCfg = Debug|Any CPU
		{A98E0257-CC68-4565-B9D4-FCEBE23209A7}.Debug|iPhone.Build.0 = Debug|Any CPU
		{A98E0257-CC68-4565-B9D4-FCEBE23209A7}.Debug|iPhoneSimulator.ActiveCfg = Debug|Any CPU
		{A98E0257-CC68-4565-B9D4-FCEBE23209A7}.Debug|iPhoneSimulator.Build.0 = Debug|Any CPU
		{A98E0257-CC68-4565-B9D4-FCEBE23209A7}.Release|Any CPU.ActiveCfg = Release|Any CPU
		{A98E0257-CC68-4565-B9D4-FCEBE23209A7}.Release|Any CPU.Build.0 = Release|Any CPU
		{A98E0257-CC68-4565-B9D4-FCEBE23209A7}.Release|iPhone.ActiveCfg = Release|Any CPU
		{A98E0257-CC68-4565-B9D4-FCEBE23209A7}.Release|iPhone.Build.0 = Release|Any CPU
		{A98E0257-CC68-4565-B9D4-FCEBE23209A7}.Release|iPhoneSimulator.ActiveCfg = Release|Any CPU
		{A98E0257-CC68-4565-B9D4-FCEBE23209A7}.Release|iPhoneSimulator.Build.0 = Release|Any CPU
	EndGlobalSection
	GlobalSection(SolutionProperties) = preSolution
		HideSolutionNode = FALSE
	EndGlobalSection
	GlobalSection(NestedProjects) = preSolution
		{EB6BDE5B-605C-4E05-BF56-4C7F564387BC} = {390E422E-C538-4E31-B25F-AF630B872A40}
		{17206571-0E1F-4BC2-9B37-594C0D6BF712} = {390E422E-C538-4E31-B25F-AF630B872A40}
		{CDCE996A-EB53-44F4-99FF-BA994FDF7E1F} = {390E422E-C538-4E31-B25F-AF630B872A40}
		{1D9E53AD-AE72-456A-BE86-82739888B226} = {390E422E-C538-4E31-B25F-AF630B872A40}
		{425A6427-B991-4902-8454-1065B5B2D118} = {3F3ACDE5-948D-44CF-B6DF-86E4F1715A2A}
		{67A6D146-5109-4CFD-8BAD-A50F4E660F8C} = {3F3ACDE5-948D-44CF-B6DF-86E4F1715A2A}
		{4BA52DCC-52DD-431E-AF54-99B09657C02D} = {00112826-01B2-4B82-A156-E6EB86F38869}
		{FE33299A-8523-4239-B907-6A695145C9FB} = {00112826-01B2-4B82-A156-E6EB86F38869}
		{AD7B78B0-AE51-4FB7-9B11-4E22A2B538CA} = {FE33299A-8523-4239-B907-6A695145C9FB}
		{8EDF4429-251A-416D-BB68-93F227191BCF} = {4BA52DCC-52DD-431E-AF54-99B09657C02D}
		{A98E0257-CC68-4565-B9D4-FCEBE23209A7} = {4BA52DCC-52DD-431E-AF54-99B09657C02D}
	EndGlobalSection
EndGlobal
