
Microsoft Visual Studio Solution File, Format Version 12.00
# Visual Studio 14
VisualStudioVersion = 14.0.25420.1
MinimumVisualStudioVersion = 10.0.40219.1
Project("{2150E333-8FDC-42A3-9474-1A3956D46DE8}") = "client", "client", "{3F3ACDE5-948D-44CF-B6DF-86E4F1715A2A}"
EndProject
Project("{2150E333-8FDC-42A3-9474-1A3956D46DE8}") = "core", "core", "{390E422E-C538-4E31-B25F-AF630B872A40}"
EndProject
Project("{FAE04EC0-301F-11D3-BF4B-00C04F79EFBC}") = "Domain", "core\Domain\Domain.csproj", "{EB6BDE5B-605C-4E05-BF56-4C7F564387BC}"
EndProject
Project("{FAE04EC0-301F-11D3-BF4B-00C04F79EFBC}") = "Phone", "core\Phone\Phone.csproj", "{17206571-0E1F-4BC2-9B37-594C0D6BF712}"
EndProject
Project("{FAE04EC0-301F-11D3-BF4B-00C04F79EFBC}") = "Tablet", "core\Tablet\Tablet.csproj", "{CDCE996A-EB53-44F4-99FF-BA994FDF7E1F}"
EndProject
Project("{FAE04EC0-301F-11D3-BF4B-00C04F79EFBC}") = "Shared", "core\Shared\Shared.csproj", "{1D9E53AD-AE72-456A-BE86-82739888B226}"
EndProject
Project("{FAE04EC0-301F-11D3-BF4B-00C04F79EFBC}") = "iOS", "client\iOS\iOS.csproj", "{425A6427-B991-4902-8454-1065B5B2D118}"
EndProject
Project("{FAE04EC0-301F-11D3-BF4B-00C04F79EFBC}") = "Droid", "client\Droid\Droid.csproj", "{67A6D146-5109-4CFD-8BAD-A50F4E660F8C}"
EndProject
Global
	GlobalSection(SolutionConfigurationPlatforms) = preSolution
		Ad-Hoc|Any CPU = Ad-Hoc|Any CPU
		Ad-Hoc|iPhone = Ad-Hoc|iPhone
		Ad-Hoc|iPhoneSimulator = Ad-Hoc|iPhoneSimulator
		AppStore|Any CPU = AppStore|Any CPU
		AppStore|iPhone = AppStore|iPhone
		AppStore|iPhoneSimulator = AppStore|iPhoneSimulator
		Debug|Any CPU = Debug|Any CPU
		Debug|iPhone = Debug|iPhone
		Debug|iPhoneSimulator = Debug|iPhoneSimulator
		Gorilla|Any CPU = Gorilla|Any CPU
		Gorilla|iPhone = Gorilla|iPhone
		Gorilla|iPhoneSimulator = Gorilla|iPhoneSimulator
		Release|Any CPU = Release|Any CPU
		Release|iPhone = Release|iPhone
		Release|iPhoneSimulator = Release|iPhoneSimulator
	EndGlobalSection
	GlobalSection(ProjectConfigurationPlatforms) = postSolution
		{EB6BDE5B-605C-4E05-BF56-4C7F564387BC}.Ad-Hoc|Any CPU.ActiveCfg = Release|Any CPU
		{EB6BDE5B-605C-4E05-BF56-4C7F564387BC}.Ad-Hoc|Any CPU.Build.0 = Release|Any CPU
		{EB6BDE5B-605C-4E05-BF56-4C7F564387BC}.Ad-Hoc|iPhone.ActiveCfg = Release|Any CPU
		{EB6BDE5B-605C-4E05-BF56-4C7F564387BC}.Ad-Hoc|iPhone.Build.0 = Release|Any CPU
		{EB6BDE5B-605C-4E05-BF56-4C7F564387BC}.Ad-Hoc|iPhoneSimulator.ActiveCfg = Release|Any CPU
		{EB6BDE5B-605C-4E05-BF56-4C7F564387BC}.Ad-Hoc|iPhoneSimulator.Build.0 = Release|Any CPU
		{EB6BDE5B-605C-4E05-BF56-4C7F564387BC}.AppStore|Any CPU.ActiveCfg = Release|Any CPU
		{EB6BDE5B-605C-4E05-BF56-4C7F564387BC}.AppStore|Any CPU.Build.0 = Release|Any CPU
		{EB6BDE5B-605C-4E05-BF56-4C7F564387BC}.AppStore|iPhone.ActiveCfg = Release|Any CPU
		{EB6BDE5B-605C-4E05-BF56-4C7F564387BC}.AppStore|iPhone.Build.0 = Release|Any CPU
		{EB6BDE5B-605C-4E05-BF56-4C7F564387BC}.AppStore|iPhoneSimulator.ActiveCfg = Release|Any CPU
		{EB6BDE5B-605C-4E05-BF56-4C7F564387BC}.AppStore|iPhoneSimulator.Build.0 = Release|Any CPU
		{EB6BDE5B-605C-4E05-BF56-4C7F564387BC}.Debug|Any CPU.ActiveCfg = Debug|Any CPU
		{EB6BDE5B-605C-4E05-BF56-4C7F564387BC}.Debug|Any CPU.Build.0 = Debug|Any CPU
		{EB6BDE5B-605C-4E05-BF56-4C7F564387BC}.Debug|iPhone.ActiveCfg = Debug|Any CPU
		{EB6BDE5B-605C-4E05-BF56-4C7F564387BC}.Debug|iPhone.Build.0 = Debug|Any CPU
		{EB6BDE5B-605C-4E05-BF56-4C7F564387BC}.Debug|iPhoneSimulator.ActiveCfg = Debug|Any CPU
		{EB6BDE5B-605C-4E05-BF56-4C7F564387BC}.Debug|iPhoneSimulator.Build.0 = Debug|Any CPU
		{EB6BDE5B-605C-4E05-BF56-4C7F564387BC}.Gorilla|Any CPU.ActiveCfg = Gorilla|Any CPU
		{EB6BDE5B-605C-4E05-BF56-4C7F564387BC}.Gorilla|Any CPU.Build.0 = Gorilla|Any CPU
		{EB6BDE5B-605C-4E05-BF56-4C7F564387BC}.Gorilla|iPhone.ActiveCfg = Gorilla|Any CPU
		{EB6BDE5B-605C-4E05-BF56-4C7F564387BC}.Gorilla|iPhone.Build.0 = Gorilla|Any CPU
		{EB6BDE5B-605C-4E05-BF56-4C7F564387BC}.Gorilla|iPhoneSimulator.ActiveCfg = Gorilla|Any CPU
		{EB6BDE5B-605C-4E05-BF56-4C7F564387BC}.Gorilla|iPhoneSimulator.Build.0 = Gorilla|Any CPU
		{EB6BDE5B-605C-4E05-BF56-4C7F564387BC}.Release|Any CPU.ActiveCfg = Release|Any CPU
		{EB6BDE5B-605C-4E05-BF56-4C7F564387BC}.Release|Any CPU.Build.0 = Release|Any CPU
		{EB6BDE5B-605C-4E05-BF56-4C7F564387BC}.Release|iPhone.ActiveCfg = Release|Any CPU
		{EB6BDE5B-605C-4E05-BF56-4C7F564387BC}.Release|iPhone.Build.0 = Release|Any CPU
		{EB6BDE5B-605C-4E05-BF56-4C7F564387BC}.Release|iPhoneSimulator.ActiveCfg = Release|Any CPU
		{EB6BDE5B-605C-4E05-BF56-4C7F564387BC}.Release|iPhoneSimulator.Build.0 = Release|Any CPU
		{17206571-0E1F-4BC2-9B37-594C0D6BF712}.Ad-Hoc|Any CPU.ActiveCfg = Release|Any CPU
		{17206571-0E1F-4BC2-9B37-594C0D6BF712}.Ad-Hoc|Any CPU.Build.0 = Release|Any CPU
		{17206571-0E1F-4BC2-9B37-594C0D6BF712}.Ad-Hoc|iPhone.ActiveCfg = Release|Any CPU
		{17206571-0E1F-4BC2-9B37-594C0D6BF712}.Ad-Hoc|iPhone.Build.0 = Release|Any CPU
		{17206571-0E1F-4BC2-9B37-594C0D6BF712}.Ad-Hoc|iPhoneSimulator.ActiveCfg = Release|Any CPU
		{17206571-0E1F-4BC2-9B37-594C0D6BF712}.Ad-Hoc|iPhoneSimulator.Build.0 = Release|Any CPU
		{17206571-0E1F-4BC2-9B37-594C0D6BF712}.AppStore|Any CPU.ActiveCfg = Release|Any CPU
		{17206571-0E1F-4BC2-9B37-594C0D6BF712}.AppStore|Any CPU.Build.0 = Release|Any CPU
		{17206571-0E1F-4BC2-9B37-594C0D6BF712}.AppStore|iPhone.ActiveCfg = Release|Any CPU
		{17206571-0E1F-4BC2-9B37-594C0D6BF712}.AppStore|iPhone.Build.0 = Release|Any CPU
		{17206571-0E1F-4BC2-9B37-594C0D6BF712}.AppStore|iPhoneSimulator.ActiveCfg = Release|Any CPU
		{17206571-0E1F-4BC2-9B37-594C0D6BF712}.AppStore|iPhoneSimulator.Build.0 = Release|Any CPU
		{17206571-0E1F-4BC2-9B37-594C0D6BF712}.Debug|Any CPU.ActiveCfg = Debug|Any CPU
		{17206571-0E1F-4BC2-9B37-594C0D6BF712}.Debug|Any CPU.Build.0 = Debug|Any CPU
		{17206571-0E1F-4BC2-9B37-594C0D6BF712}.Debug|iPhone.ActiveCfg = Debug|Any CPU
		{17206571-0E1F-4BC2-9B37-594C0D6BF712}.Debug|iPhone.Build.0 = Debug|Any CPU
		{17206571-0E1F-4BC2-9B37-594C0D6BF712}.Debug|iPhoneSimulator.ActiveCfg = Debug|Any CPU
		{17206571-0E1F-4BC2-9B37-594C0D6BF712}.Debug|iPhoneSimulator.Build.0 = Debug|Any CPU
		{17206571-0E1F-4BC2-9B37-594C0D6BF712}.Gorilla|Any CPU.ActiveCfg = Gorilla|Any CPU
		{17206571-0E1F-4BC2-9B37-594C0D6BF712}.Gorilla|Any CPU.Build.0 = Gorilla|Any CPU
		{17206571-0E1F-4BC2-9B37-594C0D6BF712}.Gorilla|iPhone.ActiveCfg = Gorilla|Any CPU
		{17206571-0E1F-4BC2-9B37-594C0D6BF712}.Gorilla|iPhone.Build.0 = Gorilla|Any CPU
		{17206571-0E1F-4BC2-9B37-594C0D6BF712}.Gorilla|iPhoneSimulator.ActiveCfg = Gorilla|Any CPU
		{17206571-0E1F-4BC2-9B37-594C0D6BF712}.Gorilla|iPhoneSimulator.Build.0 = Gorilla|Any CPU
		{17206571-0E1F-4BC2-9B37-594C0D6BF712}.Release|Any CPU.ActiveCfg = Release|Any CPU
		{17206571-0E1F-4BC2-9B37-594C0D6BF712}.Release|Any CPU.Build.0 = Release|Any CPU
		{17206571-0E1F-4BC2-9B37-594C0D6BF712}.Release|iPhone.ActiveCfg = Release|Any CPU
		{17206571-0E1F-4BC2-9B37-594C0D6BF712}.Release|iPhone.Build.0 = Release|Any CPU
		{17206571-0E1F-4BC2-9B37-594C0D6BF712}.Release|iPhoneSimulator.ActiveCfg = Release|Any CPU
		{17206571-0E1F-4BC2-9B37-594C0D6BF712}.Release|iPhoneSimulator.Build.0 = Release|Any CPU
		{CDCE996A-EB53-44F4-99FF-BA994FDF7E1F}.Ad-Hoc|Any CPU.ActiveCfg = Release|Any CPU
		{CDCE996A-EB53-44F4-99FF-BA994FDF7E1F}.Ad-Hoc|Any CPU.Build.0 = Release|Any CPU
		{CDCE996A-EB53-44F4-99FF-BA994FDF7E1F}.Ad-Hoc|iPhone.ActiveCfg = Release|Any CPU
		{CDCE996A-EB53-44F4-99FF-BA994FDF7E1F}.Ad-Hoc|iPhone.Build.0 = Release|Any CPU
		{CDCE996A-EB53-44F4-99FF-BA994FDF7E1F}.Ad-Hoc|iPhoneSimulator.ActiveCfg = Release|Any CPU
		{CDCE996A-EB53-44F4-99FF-BA994FDF7E1F}.Ad-Hoc|iPhoneSimulator.Build.0 = Release|Any CPU
		{CDCE996A-EB53-44F4-99FF-BA994FDF7E1F}.AppStore|Any CPU.ActiveCfg = Release|Any CPU
		{CDCE996A-EB53-44F4-99FF-BA994FDF7E1F}.AppStore|Any CPU.Build.0 = Release|Any CPU
		{CDCE996A-EB53-44F4-99FF-BA994FDF7E1F}.AppStore|iPhone.ActiveCfg = Release|Any CPU
		{CDCE996A-EB53-44F4-99FF-BA994FDF7E1F}.AppStore|iPhone.Build.0 = Release|Any CPU
		{CDCE996A-EB53-44F4-99FF-BA994FDF7E1F}.AppStore|iPhoneSimulator.ActiveCfg = Release|Any CPU
		{CDCE996A-EB53-44F4-99FF-BA994FDF7E1F}.AppStore|iPhoneSimulator.Build.0 = Release|Any CPU
		{CDCE996A-EB53-44F4-99FF-BA994FDF7E1F}.Debug|Any CPU.ActiveCfg = Debug|Any CPU
		{CDCE996A-EB53-44F4-99FF-BA994FDF7E1F}.Debug|Any CPU.Build.0 = Debug|Any CPU
		{CDCE996A-EB53-44F4-99FF-BA994FDF7E1F}.Debug|iPhone.ActiveCfg = Debug|Any CPU
		{CDCE996A-EB53-44F4-99FF-BA994FDF7E1F}.Debug|iPhone.Build.0 = Debug|Any CPU
		{CDCE996A-EB53-44F4-99FF-BA994FDF7E1F}.Debug|iPhoneSimulator.ActiveCfg = Debug|Any CPU
		{CDCE996A-EB53-44F4-99FF-BA994FDF7E1F}.Debug|iPhoneSimulator.Build.0 = Debug|Any CPU
		{CDCE996A-EB53-44F4-99FF-BA994FDF7E1F}.Gorilla|Any CPU.ActiveCfg = Gorilla|Any CPU
		{CDCE996A-EB53-44F4-99FF-BA994FDF7E1F}.Gorilla|Any CPU.Build.0 = Gorilla|Any CPU
		{CDCE996A-EB53-44F4-99FF-BA994FDF7E1F}.Gorilla|iPhone.ActiveCfg = Gorilla|Any CPU
		{CDCE996A-EB53-44F4-99FF-BA994FDF7E1F}.Gorilla|iPhone.Build.0 = Gorilla|Any CPU
		{CDCE996A-EB53-44F4-99FF-BA994FDF7E1F}.Gorilla|iPhoneSimulator.ActiveCfg = Gorilla|Any CPU
		{CDCE996A-EB53-44F4-99FF-BA994FDF7E1F}.Gorilla|iPhoneSimulator.Build.0 = Gorilla|Any CPU
		{CDCE996A-EB53-44F4-99FF-BA994FDF7E1F}.Release|Any CPU.ActiveCfg = Release|Any CPU
		{CDCE996A-EB53-44F4-99FF-BA994FDF7E1F}.Release|Any CPU.Build.0 = Release|Any CPU
		{CDCE996A-EB53-44F4-99FF-BA994FDF7E1F}.Release|iPhone.ActiveCfg = Release|Any CPU
		{CDCE996A-EB53-44F4-99FF-BA994FDF7E1F}.Release|iPhone.Build.0 = Release|Any CPU
		{CDCE996A-EB53-44F4-99FF-BA994FDF7E1F}.Release|iPhoneSimulator.ActiveCfg = Release|Any CPU
		{CDCE996A-EB53-44F4-99FF-BA994FDF7E1F}.Release|iPhoneSimulator.Build.0 = Release|Any CPU
		{1D9E53AD-AE72-456A-BE86-82739888B226}.Ad-Hoc|Any CPU.ActiveCfg = Release|Any CPU
		{1D9E53AD-AE72-456A-BE86-82739888B226}.Ad-Hoc|Any CPU.Build.0 = Release|Any CPU
		{1D9E53AD-AE72-456A-BE86-82739888B226}.Ad-Hoc|iPhone.ActiveCfg = Release|Any CPU
		{1D9E53AD-AE72-456A-BE86-82739888B226}.Ad-Hoc|iPhone.Build.0 = Release|Any CPU
		{1D9E53AD-AE72-456A-BE86-82739888B226}.Ad-Hoc|iPhoneSimulator.ActiveCfg = Release|Any CPU
		{1D9E53AD-AE72-456A-BE86-82739888B226}.Ad-Hoc|iPhoneSimulator.Build.0 = Release|Any CPU
		{1D9E53AD-AE72-456A-BE86-82739888B226}.AppStore|Any CPU.ActiveCfg = Release|Any CPU
		{1D9E53AD-AE72-456A-BE86-82739888B226}.AppStore|Any CPU.Build.0 = Release|Any CPU
		{1D9E53AD-AE72-456A-BE86-82739888B226}.AppStore|iPhone.ActiveCfg = Release|Any CPU
		{1D9E53AD-AE72-456A-BE86-82739888B226}.AppStore|iPhone.Build.0 = Release|Any CPU
		{1D9E53AD-AE72-456A-BE86-82739888B226}.AppStore|iPhoneSimulator.ActiveCfg = Release|Any CPU
		{1D9E53AD-AE72-456A-BE86-82739888B226}.AppStore|iPhoneSimulator.Build.0 = Release|Any CPU
		{1D9E53AD-AE72-456A-BE86-82739888B226}.Debug|Any CPU.ActiveCfg = Debug|Any CPU
		{1D9E53AD-AE72-456A-BE86-82739888B226}.Debug|Any CPU.Build.0 = Debug|Any CPU
		{1D9E53AD-AE72-456A-BE86-82739888B226}.Debug|iPhone.ActiveCfg = Debug|Any CPU
		{1D9E53AD-AE72-456A-BE86-82739888B226}.Debug|iPhone.Build.0 = Debug|Any CPU
		{1D9E53AD-AE72-456A-BE86-82739888B226}.Debug|iPhoneSimulator.ActiveCfg = Debug|Any CPU
		{1D9E53AD-AE72-456A-BE86-82739888B226}.Debug|iPhoneSimulator.Build.0 = Debug|Any CPU
		{1D9E53AD-AE72-456A-BE86-82739888B226}.Gorilla|Any CPU.ActiveCfg = Gorilla|Any CPU
		{1D9E53AD-AE72-456A-BE86-82739888B226}.Gorilla|Any CPU.Build.0 = Gorilla|Any CPU
		{1D9E53AD-AE72-456A-BE86-82739888B226}.Gorilla|iPhone.ActiveCfg = Gorilla|Any CPU
		{1D9E53AD-AE72-456A-BE86-82739888B226}.Gorilla|iPhone.Build.0 = Gorilla|Any CPU
		{1D9E53AD-AE72-456A-BE86-82739888B226}.Gorilla|iPhoneSimulator.ActiveCfg = Gorilla|Any CPU
		{1D9E53AD-AE72-456A-BE86-82739888B226}.Gorilla|iPhoneSimulator.Build.0 = Gorilla|Any CPU
		{1D9E53AD-AE72-456A-BE86-82739888B226}.Release|Any CPU.ActiveCfg = Release|Any CPU
		{1D9E53AD-AE72-456A-BE86-82739888B226}.Release|Any CPU.Build.0 = Release|Any CPU
		{1D9E53AD-AE72-456A-BE86-82739888B226}.Release|iPhone.ActiveCfg = Release|Any CPU
		{1D9E53AD-AE72-456A-BE86-82739888B226}.Release|iPhone.Build.0 = Release|Any CPU
		{1D9E53AD-AE72-456A-BE86-82739888B226}.Release|iPhoneSimulator.ActiveCfg = Release|Any CPU
		{1D9E53AD-AE72-456A-BE86-82739888B226}.Release|iPhoneSimulator.Build.0 = Release|Any CPU
		{425A6427-B991-4902-8454-1065B5B2D118}.Ad-Hoc|Any CPU.ActiveCfg = Ad-Hoc|iPhone
		{425A6427-B991-4902-8454-1065B5B2D118}.Ad-Hoc|iPhone.ActiveCfg = Ad-Hoc|iPhone
		{425A6427-B991-4902-8454-1065B5B2D118}.Ad-Hoc|iPhone.Build.0 = Ad-Hoc|iPhone
		{425A6427-B991-4902-8454-1065B5B2D118}.Ad-Hoc|iPhoneSimulator.ActiveCfg = Ad-Hoc|iPhoneSimulator
		{425A6427-B991-4902-8454-1065B5B2D118}.Ad-Hoc|iPhoneSimulator.Build.0 = Ad-Hoc|iPhoneSimulator
		{425A6427-B991-4902-8454-1065B5B2D118}.AppStore|Any CPU.ActiveCfg = AppStore|iPhone
		{425A6427-B991-4902-8454-1065B5B2D118}.AppStore|iPhone.ActiveCfg = AppStore|iPhone
		{425A6427-B991-4902-8454-1065B5B2D118}.AppStore|iPhone.Build.0 = AppStore|iPhone
		{425A6427-B991-4902-8454-1065B5B2D118}.AppStore|iPhoneSimulator.ActiveCfg = AppStore|iPhoneSimulator
		{425A6427-B991-4902-8454-1065B5B2D118}.AppStore|iPhoneSimulator.Build.0 = AppStore|iPhoneSimulator
		{425A6427-B991-4902-8454-1065B5B2D118}.Debug|Any CPU.ActiveCfg = Debug|iPhone
		{425A6427-B991-4902-8454-1065B5B2D118}.Debug|iPhone.ActiveCfg = Debug|iPhone
		{425A6427-B991-4902-8454-1065B5B2D118}.Debug|iPhone.Build.0 = Debug|iPhone
		{425A6427-B991-4902-8454-1065B5B2D118}.Debug|iPhoneSimulator.ActiveCfg = Debug|iPhoneSimulator
		{425A6427-B991-4902-8454-1065B5B2D118}.Debug|iPhoneSimulator.Build.0 = Debug|iPhoneSimulator
		{425A6427-B991-4902-8454-1065B5B2D118}.Gorilla|Any CPU.ActiveCfg = Gorilla|iPhone
		{425A6427-B991-4902-8454-1065B5B2D118}.Gorilla|iPhone.ActiveCfg = Gorilla|iPhone
		{425A6427-B991-4902-8454-1065B5B2D118}.Gorilla|iPhoneSimulator.ActiveCfg = Gorilla|iPhoneSimulator
		{425A6427-B991-4902-8454-1065B5B2D118}.Release|Any CPU.ActiveCfg = Release|iPhone
		{425A6427-B991-4902-8454-1065B5B2D118}.Release|iPhone.ActiveCfg = Release|iPhone
		{425A6427-B991-4902-8454-1065B5B2D118}.Release|iPhone.Build.0 = Release|iPhone
		{425A6427-B991-4902-8454-1065B5B2D118}.Release|iPhoneSimulator.ActiveCfg = Release|iPhoneSimulator
		{425A6427-B991-4902-8454-1065B5B2D118}.Release|iPhoneSimulator.Build.0 = Release|iPhoneSimulator
		{67A6D146-5109-4CFD-8BAD-A50F4E660F8C}.Ad-Hoc|Any CPU.ActiveCfg = Release|Any CPU
		{67A6D146-5109-4CFD-8BAD-A50F4E660F8C}.Ad-Hoc|Any CPU.Build.0 = Release|Any CPU
		{67A6D146-5109-4CFD-8BAD-A50F4E660F8C}.Ad-Hoc|Any CPU.Deploy.0 = Release|Any CPU
		{67A6D146-5109-4CFD-8BAD-A50F4E660F8C}.Ad-Hoc|iPhone.ActiveCfg = Release|Any CPU
		{67A6D146-5109-4CFD-8BAD-A50F4E660F8C}.Ad-Hoc|iPhone.Build.0 = Release|Any CPU
		{67A6D146-5109-4CFD-8BAD-A50F4E660F8C}.Ad-Hoc|iPhone.Deploy.0 = Release|Any CPU
		{67A6D146-5109-4CFD-8BAD-A50F4E660F8C}.Ad-Hoc|iPhoneSimulator.ActiveCfg = Release|Any CPU
		{67A6D146-5109-4CFD-8BAD-A50F4E660F8C}.Ad-Hoc|iPhoneSimulator.Build.0 = Release|Any CPU
		{67A6D146-5109-4CFD-8BAD-A50F4E660F8C}.Ad-Hoc|iPhoneSimulator.Deploy.0 = Release|Any CPU
		{67A6D146-5109-4CFD-8BAD-A50F4E660F8C}.AppStore|Any CPU.ActiveCfg = Release|Any CPU
		{67A6D146-5109-4CFD-8BAD-A50F4E660F8C}.AppStore|Any CPU.Build.0 = Release|Any CPU
		{67A6D146-5109-4CFD-8BAD-A50F4E660F8C}.AppStore|Any CPU.Deploy.0 = Release|Any CPU
		{67A6D146-5109-4CFD-8BAD-A50F4E660F8C}.AppStore|iPhone.ActiveCfg = Release|Any CPU
		{67A6D146-5109-4CFD-8BAD-A50F4E660F8C}.AppStore|iPhone.Build.0 = Release|Any CPU
		{67A6D146-5109-4CFD-8BAD-A50F4E660F8C}.AppStore|iPhone.Deploy.0 = Release|Any CPU
		{67A6D146-5109-4CFD-8BAD-A50F4E660F8C}.AppStore|iPhoneSimulator.ActiveCfg = Release|Any CPU
		{67A6D146-5109-4CFD-8BAD-A50F4E660F8C}.AppStore|iPhoneSimulator.Build.0 = Release|Any CPU
		{67A6D146-5109-4CFD-8BAD-A50F4E660F8C}.AppStore|iPhoneSimulator.Deploy.0 = Release|Any CPU
		{67A6D146-5109-4CFD-8BAD-A50F4E660F8C}.Debug|Any CPU.ActiveCfg = Debug|Any CPU
		{67A6D146-5109-4CFD-8BAD-A50F4E660F8C}.Debug|Any CPU.Build.0 = Debug|Any CPU
		{67A6D146-5109-4CFD-8BAD-A50F4E660F8C}.Debug|Any CPU.Deploy.0 = Debug|Any CPU
		{67A6D146-5109-4CFD-8BAD-A50F4E660F8C}.Debug|iPhone.ActiveCfg = Debug|Any CPU
		{67A6D146-5109-4CFD-8BAD-A50F4E660F8C}.Debug|iPhone.Build.0 = Debug|Any CPU
		{67A6D146-5109-4CFD-8BAD-A50F4E660F8C}.Debug|iPhone.Deploy.0 = Debug|Any CPU
		{67A6D146-5109-4CFD-8BAD-A50F4E660F8C}.Debug|iPhoneSimulator.ActiveCfg = Debug|Any CPU
		{67A6D146-5109-4CFD-8BAD-A50F4E660F8C}.Debug|iPhoneSimulator.Build.0 = Debug|Any CPU
		{67A6D146-5109-4CFD-8BAD-A50F4E660F8C}.Debug|iPhoneSimulator.Deploy.0 = Debug|Any CPU
		{67A6D146-5109-4CFD-8BAD-A50F4E660F8C}.Gorilla|Any CPU.ActiveCfg = Gorilla|Any CPU
		{67A6D146-5109-4CFD-8BAD-A50F4E660F8C}.Gorilla|Any CPU.Build.0 = Gorilla|Any CPU
		{67A6D146-5109-4CFD-8BAD-A50F4E660F8C}.Gorilla|Any CPU.Deploy.0 = Gorilla|Any CPU
		{67A6D146-5109-4CFD-8BAD-A50F4E660F8C}.Gorilla|iPhone.ActiveCfg = Gorilla|Any CPU
		{67A6D146-5109-4CFD-8BAD-A50F4E660F8C}.Gorilla|iPhone.Build.0 = Gorilla|Any CPU
		{67A6D146-5109-4CFD-8BAD-A50F4E660F8C}.Gorilla|iPhone.Deploy.0 = Gorilla|Any CPU
		{67A6D146-5109-4CFD-8BAD-A50F4E660F8C}.Gorilla|iPhoneSimulator.ActiveCfg = Gorilla|Any CPU
		{67A6D146-5109-4CFD-8BAD-A50F4E660F8C}.Gorilla|iPhoneSimulator.Build.0 = Gorilla|Any CPU
		{67A6D146-5109-4CFD-8BAD-A50F4E660F8C}.Gorilla|iPhoneSimulator.Deploy.0 = Gorilla|Any CPU
		{67A6D146-5109-4CFD-8BAD-A50F4E660F8C}.Release|Any CPU.ActiveCfg = Release|Any CPU
		{67A6D146-5109-4CFD-8BAD-A50F4E660F8C}.Release|Any CPU.Build.0 = Release|Any CPU
		{67A6D146-5109-4CFD-8BAD-A50F4E660F8C}.Release|Any CPU.Deploy.0 = Release|Any CPU
		{67A6D146-5109-4CFD-8BAD-A50F4E660F8C}.Release|iPhone.ActiveCfg = Release|Any CPU
		{67A6D146-5109-4CFD-8BAD-A50F4E660F8C}.Release|iPhone.Build.0 = Release|Any CPU
		{67A6D146-5109-4CFD-8BAD-A50F4E660F8C}.Release|iPhone.Deploy.0 = Release|Any CPU
		{67A6D146-5109-4CFD-8BAD-A50F4E660F8C}.Release|iPhoneSimulator.ActiveCfg = Release|Any CPU
		{67A6D146-5109-4CFD-8BAD-A50F4E660F8C}.Release|iPhoneSimulator.Build.0 = Release|Any CPU
		{67A6D146-5109-4CFD-8BAD-A50F4E660F8C}.Release|iPhoneSimulator.Deploy.0 = Release|Any CPU
	EndGlobalSection
	GlobalSection(SolutionProperties) = preSolution
		HideSolutionNode = FALSE
	EndGlobalSection
	GlobalSection(NestedProjects) = preSolution
		{EB6BDE5B-605C-4E05-BF56-4C7F564387BC} = {390E422E-C538-4E31-B25F-AF630B872A40}
		{17206571-0E1F-4BC2-9B37-594C0D6BF712} = {390E422E-C538-4E31-B25F-AF630B872A40}
		{CDCE996A-EB53-44F4-99FF-BA994FDF7E1F} = {390E422E-C538-4E31-B25F-AF630B872A40}
		{1D9E53AD-AE72-456A-BE86-82739888B226} = {390E422E-C538-4E31-B25F-AF630B872A40}
		{425A6427-B991-4902-8454-1065B5B2D118} = {3F3ACDE5-948D-44CF-B6DF-86E4F1715A2A}
		{67A6D146-5109-4CFD-8BAD-A50F4E660F8C} = {3F3ACDE5-948D-44CF-B6DF-86E4F1715A2A}
	EndGlobalSection
EndGlobal
